{
  "name": "Projeto de LES",
  "lockfileVersion": 3,
  "requires": true,
  "packages": {
    "": {
      "dependencies": {
        "react-hook-form": "^7.52.2",
        "react-toastify": "^10.0.5"
      },
      "devDependencies": {
        "prisma": "^5.19.0"
      }
    },
    "node_modules/@prisma/debug": {
      "version": "5.19.0",
      "resolved": "https://registry.npmjs.org/@prisma/debug/-/debug-5.19.0.tgz",
      "integrity": "sha512-+b/G0ubAZlrS+JSiDhXnYV5DF/aTJ3pinktkiV/L4TtLRLZO6SVGyFELgxBsicCTWJ2ZMu5vEV/jTtYCdjFTRA==",
      "dev": true,
      "license": "Apache-2.0"
    },
    "node_modules/@prisma/engines": {
      "version": "5.19.0",
      "resolved": "https://registry.npmjs.org/@prisma/engines/-/engines-5.19.0.tgz",
      "integrity": "sha512-UtW+0m4HYoRSSR3LoDGKF3Ud4BSMWYlLEt4slTnuP1mI+vrV3zaDoiAPmejdAT76vCN5UqnWURbkXxf66nSylQ==",
      "dev": true,
      "hasInstallScript": true,
      "license": "Apache-2.0",
      "dependencies": {
        "@prisma/debug": "5.19.0",
        "@prisma/engines-version": "5.19.0-31.5fe21811a6ba0b952a3bc71400666511fe3b902f",
        "@prisma/fetch-engine": "5.19.0",
        "@prisma/get-platform": "5.19.0"
      }
    },
    "node_modules/@prisma/engines-version": {
      "version": "5.19.0-31.5fe21811a6ba0b952a3bc71400666511fe3b902f",
      "resolved": "https://registry.npmjs.org/@prisma/engines-version/-/engines-version-5.19.0-31.5fe21811a6ba0b952a3bc71400666511fe3b902f.tgz",
      "integrity": "sha512-GimI9aZIFy/yvvR11KfXRn3pliFn1QAkdebVlsXlnoh5uk0YhLblVmeYiHfsu+wDA7BeKqYT4sFfzg8mutzuWw==",
      "dev": true,
      "license": "Apache-2.0"
    },
    "node_modules/@prisma/fetch-engine": {
      "version": "5.19.0",
      "resolved": "https://registry.npmjs.org/@prisma/fetch-engine/-/fetch-engine-5.19.0.tgz",
      "integrity": "sha512-oOiPNtmJX0cP/ebu7BBEouJvCw8T84/MFD/Hf2zlqjxkK4ojl38bB9i9J5LAxotL6WlYVThKdxc7HqoWnPOhqQ==",
      "dev": true,
      "license": "Apache-2.0",
      "dependencies": {
        "@prisma/debug": "5.19.0",
        "@prisma/engines-version": "5.19.0-31.5fe21811a6ba0b952a3bc71400666511fe3b902f",
        "@prisma/get-platform": "5.19.0"
      }
    },
    "node_modules/@prisma/get-platform": {
      "version": "5.19.0",
      "resolved": "https://registry.npmjs.org/@prisma/get-platform/-/get-platform-5.19.0.tgz",
      "integrity": "sha512-s9DWkZKnuP4Y8uy6yZfvqQ/9X3/+2KYf3IZUVZz5OstJdGBJrBlbmIuMl81917wp5TuK/1k2TpHNCEdpYLPKmg==",
      "dev": true,
      "license": "Apache-2.0",
      "dependencies": {
        "@prisma/debug": "5.19.0"
      }
    },
    "node_modules/clsx": {
      "version": "2.1.1",
      "resolved": "https://registry.npmjs.org/clsx/-/clsx-2.1.1.tgz",
      "integrity": "sha512-eYm0QWBtUrBWZWG0d386OGAw16Z995PiOVo2B7bjWSbHedGl5e0ZWaq65kOGgUSNesEIDkB9ISbTg/JK9dhCZA==",
      "license": "MIT",
      "engines": {
        "node": ">=6"
      }
    },
    "node_modules/fsevents": {
      "version": "2.3.3",
      "resolved": "https://registry.npmjs.org/fsevents/-/fsevents-2.3.3.tgz",
      "integrity": "sha512-5xoDfX+fL7faATnagmWPpbFtwh/R77WmMMqqHGS65C3vvB0YHrgF+B1YmZ3441tMj5n63k0212XNoJwzlhffQw==",
      "dev": true,
      "hasInstallScript": true,
      "license": "MIT",
      "optional": true,
      "os": [
        "darwin"
      ],
      "engines": {
        "node": "^8.16.0 || ^10.6.0 || >=11.0.0"
      }
    },
    "node_modules/js-tokens": {
      "version": "4.0.0",
      "resolved": "https://registry.npmjs.org/js-tokens/-/js-tokens-4.0.0.tgz",
      "integrity": "sha512-RdJUflcE3cUzKiMqQgsCu06FPu9UdIJO0beYbPhHN4k6apgJtifcoCtT9bcxOpYBtpD2kCM6Sbzg4CausW/PKQ==",
      "license": "MIT",
      "peer": true
    },
    "node_modules/loose-envify": {
      "version": "1.4.0",
      "resolved": "https://registry.npmjs.org/loose-envify/-/loose-envify-1.4.0.tgz",
      "integrity": "sha512-lyuxPGr/Wfhrlem2CL/UcnUc1zcqKAImBDzukY7Y5F/yQiNdko6+fRLevlw1HgMySw7f611UIY408EtxRSoK3Q==",
      "license": "MIT",
      "peer": true,
      "dependencies": {
        "js-tokens": "^3.0.0 || ^4.0.0"
      },
      "bin": {
        "loose-envify": "cli.js"
      }
    },
    "node_modules/prisma": {
      "version": "5.19.0",
      "resolved": "https://registry.npmjs.org/prisma/-/prisma-5.19.0.tgz",
      "integrity": "sha512-Pu7lUKpVyTx8cVwM26dYh8NdvMOkMnJXzE8L6cikFuR4JwyMU5NKofQkWyxJKlTT4fNjmcnibTvklV8oVMrn+g==",
      "dev": true,
      "hasInstallScript": true,
      "license": "Apache-2.0",
      "dependencies": {
        "@prisma/engines": "5.19.0"
      },
      "bin": {
        "prisma": "build/index.js"
      },
      "engines": {
        "node": ">=16.13"
      },
      "optionalDependencies": {
        "fsevents": "2.3.3"
      }
    },
    "node_modules/react": {
      "version": "18.3.1",
      "resolved": "https://registry.npmjs.org/react/-/react-18.3.1.tgz",
      "integrity": "sha512-wS+hAgJShR0KhEvPJArfuPVN1+Hz1t0Y6n5jLrGQbkb4urgPE/0Rve+1kMB1v/oWgHgm4WIcV+i7F2pTVj+2iQ==",
      "license": "MIT",
      "peer": true,
      "dependencies": {
        "loose-envify": "^1.1.0"
      },
      "engines": {
        "node": ">=0.10.0"
      }
    },
    "node_modules/react-dom": {
      "version": "18.3.1",
      "resolved": "https://registry.npmjs.org/react-dom/-/react-dom-18.3.1.tgz",
      "integrity": "sha512-5m4nQKp+rZRb09LNH59GM4BxTh9251/ylbKIbpe7TpGxfJ+9kv6BLkLBXIjjspbgbnIBNqlI23tRnTWT0snUIw==",
      "license": "MIT",
      "peer": true,
      "dependencies": {
        "loose-envify": "^1.1.0",
        "scheduler": "^0.23.2"
      },
      "peerDependencies": {
        "react": "^18.3.1"
      }
    },
    "node_modules/react-hook-form": {
      "version": "7.52.2",
      "resolved": "https://registry.npmjs.org/react-hook-form/-/react-hook-form-7.52.2.tgz",
      "integrity": "sha512-pqfPEbERnxxiNMPd0bzmt1tuaPcVccywFDpyk2uV5xCIBphHV5T8SVnX9/o3kplPE1zzKt77+YIoq+EMwJp56A==",
      "license": "MIT",
      "engines": {
        "node": ">=18.0.0"
      },
      "funding": {
        "type": "opencollective",
        "url": "https://opencollective.com/react-hook-form"
      },
      "peerDependencies": {
        "react": "^16.8.0 || ^17 || ^18 || ^19"
      }
    },
    "node_modules/react-toastify": {
      "version": "10.0.5",
      "resolved": "https://registry.npmjs.org/react-toastify/-/react-toastify-10.0.5.tgz",
      "integrity": "sha512-mNKt2jBXJg4O7pSdbNUfDdTsK9FIdikfsIE/yUCxbAEXl4HMyJaivrVFcn3Elvt5xvCQYhUZm+hqTIu1UXM3Pw==",
      "license": "MIT",
      "dependencies": {
        "clsx": "^2.1.0"
      },
      "peerDependencies": {
        "react": ">=18",
        "react-dom": ">=18"
      }
    },
    "node_modules/scheduler": {
      "version": "0.23.2",
      "resolved": "https://registry.npmjs.org/scheduler/-/scheduler-0.23.2.tgz",
      "integrity": "sha512-UOShsPwz7NrMUqhR6t0hWjFduvOzbtv7toDH1/hIrfRNIDBnnBWd0CwJTGvTpngVlmwGCdP9/Zl/tVrDqcuYzQ==",
      "license": "MIT",
      "peer": true,
      "dependencies": {
        "loose-envify": "^1.1.0"
      }
    }
  }
}
